
Microsoft Visual Studio Solution File, Format Version 12.00
# Visual Studio 15
VisualStudioVersion = 15.0.28307.1082
MinimumVisualStudioVersion = 10.0.40219.1
Project("{FAE04EC0-301F-11D3-BF4B-00C04F79EFBC}") = "ModuleExam", "ModuleExam\ModuleExam.csproj", "{CC3AEE08-08F9-43FB-BF00-A132F61526ED}"
EndProject
Global
	GlobalSection(SolutionConfigurationPlatforms) = preSolution
		Debug|Any CPU = Debug|Any CPU
		Release|Any CPU = Release|Any CPU
	EndGlobalSection
	GlobalSection(ProjectConfigurationPlatforms) = postSolution
		{CC3AEE08-08F9-43FB-BF00-A132F61526ED}.Debug|Any CPU.ActiveCfg = Debug|Any CPU
		{CC3AEE08-08F9-43FB-BF00-A132F61526ED}.Debug|Any CPU.Build.0 = Debug|Any CPU
		{CC3AEE08-08F9-43FB-BF00-A132F61526ED}.Release|Any CPU.ActiveCfg = Release|Any CPU
		{CC3AEE08-08F9-43FB-BF00-A132F61526ED}.Release|Any CPU.Build.0 = Release|Any CPU
	EndGlobalSection
	GlobalSection(SolutionProperties) = preSolution
		HideSolutionNode = FALSE
	EndGlobalSection
	GlobalSection(ExtensibilityGlobals) = postSolution
		SolutionGuid = {4C8FFCAE-02EA-4A13-BEAD-D001FBAE90FD}
	EndGlobalSection
EndGlobal
